
Microsoft Visual Studio Solution File, Format Version 12.00
# Visual Studio Version 16
VisualStudioVersion = 16.0.31313.79
MinimumVisualStudioVersion = 10.0.40219.1
Project("{FAE04EC0-301F-11D3-BF4B-00C04F79EFBC}") = "apellido-nombre-lppa-parcial1", "apellido-nombre-lppa-parcial1\apellido-nombre-lppa-parcial1.csproj", "{ADD978EE-DC7B-46DB-8BBB-2919C1A89414}"
EndProject
Global
	GlobalSection(SolutionConfigurationPlatforms) = preSolution
		Debug|Any CPU = Debug|Any CPU
		Release|Any CPU = Release|Any CPU
	EndGlobalSection
	GlobalSection(ProjectConfigurationPlatforms) = postSolution
		{ADD978EE-DC7B-46DB-8BBB-2919C1A89414}.Debug|Any CPU.ActiveCfg = Debug|Any CPU
		{ADD978EE-DC7B-46DB-8BBB-2919C1A89414}.Debug|Any CPU.Build.0 = Debug|Any CPU
		{ADD978EE-DC7B-46DB-8BBB-2919C1A89414}.Release|Any CPU.ActiveCfg = Release|Any CPU
		{ADD978EE-DC7B-46DB-8BBB-2919C1A89414}.Release|Any CPU.Build.0 = Release|Any CPU
	EndGlobalSection
	GlobalSection(SolutionProperties) = preSolution
		HideSolutionNode = FALSE
	EndGlobalSection
	GlobalSection(ExtensibilityGlobals) = postSolution
		SolutionGuid = {D716F778-8FCD-40E9-9F6A-C272E0E31AAF}
	EndGlobalSection
EndGlobal
